
Microsoft Visual Studio Solution File, Format Version 12.00
# Visual Studio Version 17
VisualStudioVersion = 17.8.34330.188
MinimumVisualStudioVersion = 10.0.40219.1
Project("{9A19103F-16F7-4668-BE54-9A1E7A4F7556}") = "SwiftLink.Domain", "src\SwiftLink.Domain\SwiftLink.Domain.csproj", "{E89C5E38-3E78-43D3-9649-F641350E9B2B}"
EndProject
Project("{2150E333-8FDC-42A3-9474-1A3956D46DE8}") = "Solution Items", "Solution Items", "{0143A2D3-97FF-4B41-B2C8-B482BF0508A5}"
	ProjectSection(SolutionItems) = preProject
		.editorconfig = .editorconfig
		changelog.md = changelog.md
		Directory.Packages.props = Directory.Packages.props
		Dockerfile = Dockerfile
		docs.md = docs.md
		LICENSE = LICENSE
		README.md = README.md
	EndProjectSection
EndProject
Project("{2150E333-8FDC-42A3-9474-1A3956D46DE8}") = "src", "src", "{65D2E709-94AE-4C92-BFFD-B3F072FCA5AF}"
EndProject
Project("{2150E333-8FDC-42A3-9474-1A3956D46DE8}") = "core", "core", "{3963F00B-7600-44B0-906A-BA212CD83856}"
EndProject
Project("{9A19103F-16F7-4668-BE54-9A1E7A4F7556}") = "SwiftLink.Infrastructure", "src\SwiftLink.Infrastructure\SwiftLink.Infrastructure.csproj", "{8E2625F3-F9EA-440D-AD3F-798F691E6956}"
EndProject
Project("{9A19103F-16F7-4668-BE54-9A1E7A4F7556}") = "SwiftLink.Presentation", "src\SwiftLink.Presentation\SwiftLink.Presentation.csproj", "{9115EF1D-5119-47C1-AE84-10FEF5CD4BDA}"
EndProject
Project("{9A19103F-16F7-4668-BE54-9A1E7A4F7556}") = "SwiftLink.Application", "src\SwiftLink.Application\SwiftLink.Application.csproj", "{A2F54173-F57A-4CDA-9CFA-63E35E9BF47A}"
EndProject
Project("{9A19103F-16F7-4668-BE54-9A1E7A4F7556}") = "SwiftLink.Shared", "src\SwiftLink.Shared\SwiftLink.Shared.csproj", "{2AEBCE8B-84B8-4488-8F4B-85D4E2A06FBF}"
EndProject
Project("{2150E333-8FDC-42A3-9474-1A3956D46DE8}") = "tests", "tests", "{19001328-2279-4C26-BC2B-C0AB9B07524E}"
EndProject
Project("{9A19103F-16F7-4668-BE54-9A1E7A4F7556}") = "SwiftLink.Application.UnitTests", "tests\SwiftLink.Application.UnitTests\SwiftLink.Application.UnitTests.csproj", "{B3286D3F-2DCC-4729-BE35-63C32886F8A5}"
EndProject
Project("{9A19103F-16F7-4668-BE54-9A1E7A4F7556}") = "SwiftLink.Shared.Tests", "tests\SwiftLink.Shared.Tests\SwiftLink.Shared.Tests.csproj", "{FA883A80-6BE4-4FA8-84B2-D0B1BF6D1425}"
EndProject
Global
	GlobalSection(SolutionConfigurationPlatforms) = preSolution
		Debug|Any CPU = Debug|Any CPU
		Release|Any CPU = Release|Any CPU
	EndGlobalSection
	GlobalSection(ProjectConfigurationPlatforms) = postSolution
		{E89C5E38-3E78-43D3-9649-F641350E9B2B}.Debug|Any CPU.ActiveCfg = Debug|Any CPU
		{E89C5E38-3E78-43D3-9649-F641350E9B2B}.Debug|Any CPU.Build.0 = Debug|Any CPU
		{E89C5E38-3E78-43D3-9649-F641350E9B2B}.Release|Any CPU.ActiveCfg = Release|Any CPU
		{E89C5E38-3E78-43D3-9649-F641350E9B2B}.Release|Any CPU.Build.0 = Release|Any CPU
		{8E2625F3-F9EA-440D-AD3F-798F691E6956}.Debug|Any CPU.ActiveCfg = Debug|Any CPU
		{8E2625F3-F9EA-440D-AD3F-798F691E6956}.Debug|Any CPU.Build.0 = Debug|Any CPU
		{8E2625F3-F9EA-440D-AD3F-798F691E6956}.Release|Any CPU.ActiveCfg = Release|Any CPU
		{8E2625F3-F9EA-440D-AD3F-798F691E6956}.Release|Any CPU.Build.0 = Release|Any CPU
		{9115EF1D-5119-47C1-AE84-10FEF5CD4BDA}.Debug|Any CPU.ActiveCfg = Debug|Any CPU
		{9115EF1D-5119-47C1-AE84-10FEF5CD4BDA}.Debug|Any CPU.Build.0 = Debug|Any CPU
		{9115EF1D-5119-47C1-AE84-10FEF5CD4BDA}.Release|Any CPU.ActiveCfg = Release|Any CPU
		{9115EF1D-5119-47C1-AE84-10FEF5CD4BDA}.Release|Any CPU.Build.0 = Release|Any CPU
		{A2F54173-F57A-4CDA-9CFA-63E35E9BF47A}.Debug|Any CPU.ActiveCfg = Debug|Any CPU
		{A2F54173-F57A-4CDA-9CFA-63E35E9BF47A}.Debug|Any CPU.Build.0 = Debug|Any CPU
		{A2F54173-F57A-4CDA-9CFA-63E35E9BF47A}.Release|Any CPU.ActiveCfg = Release|Any CPU
		{A2F54173-F57A-4CDA-9CFA-63E35E9BF47A}.Release|Any CPU.Build.0 = Release|Any CPU
		{2AEBCE8B-84B8-4488-8F4B-85D4E2A06FBF}.Debug|Any CPU.ActiveCfg = Debug|Any CPU
		{2AEBCE8B-84B8-4488-8F4B-85D4E2A06FBF}.Debug|Any CPU.Build.0 = Debug|Any CPU
		{2AEBCE8B-84B8-4488-8F4B-85D4E2A06FBF}.Release|Any CPU.ActiveCfg = Release|Any CPU
		{2AEBCE8B-84B8-4488-8F4B-85D4E2A06FBF}.Release|Any CPU.Build.0 = Release|Any CPU
		{B3286D3F-2DCC-4729-BE35-63C32886F8A5}.Debug|Any CPU.ActiveCfg = Debug|Any CPU
		{B3286D3F-2DCC-4729-BE35-63C32886F8A5}.Debug|Any CPU.Build.0 = Debug|Any CPU
		{B3286D3F-2DCC-4729-BE35-63C32886F8A5}.Release|Any CPU.ActiveCfg = Release|Any CPU
		{B3286D3F-2DCC-4729-BE35-63C32886F8A5}.Release|Any CPU.Build.0 = Release|Any CPU
		{FA883A80-6BE4-4FA8-84B2-D0B1BF6D1425}.Debug|Any CPU.ActiveCfg = Debug|Any CPU
		{FA883A80-6BE4-4FA8-84B2-D0B1BF6D1425}.Debug|Any CPU.Build.0 = Debug|Any CPU
		{FA883A80-6BE4-4FA8-84B2-D0B1BF6D1425}.Release|Any CPU.ActiveCfg = Release|Any CPU
		{FA883A80-6BE4-4FA8-84B2-D0B1BF6D1425}.Release|Any CPU.Build.0 = Release|Any CPU
	EndGlobalSection
	GlobalSection(SolutionProperties) = preSolution
		HideSolutionNode = FALSE
	EndGlobalSection
	GlobalSection(NestedProjects) = preSolution
		{E89C5E38-3E78-43D3-9649-F641350E9B2B} = {3963F00B-7600-44B0-906A-BA212CD83856}
		{3963F00B-7600-44B0-906A-BA212CD83856} = {65D2E709-94AE-4C92-BFFD-B3F072FCA5AF}
		{8E2625F3-F9EA-440D-AD3F-798F691E6956} = {65D2E709-94AE-4C92-BFFD-B3F072FCA5AF}
		{9115EF1D-5119-47C1-AE84-10FEF5CD4BDA} = {65D2E709-94AE-4C92-BFFD-B3F072FCA5AF}
		{A2F54173-F57A-4CDA-9CFA-63E35E9BF47A} = {3963F00B-7600-44B0-906A-BA212CD83856}
		{2AEBCE8B-84B8-4488-8F4B-85D4E2A06FBF} = {65D2E709-94AE-4C92-BFFD-B3F072FCA5AF}
		{B3286D3F-2DCC-4729-BE35-63C32886F8A5} = {19001328-2279-4C26-BC2B-C0AB9B07524E}
		{FA883A80-6BE4-4FA8-84B2-D0B1BF6D1425} = {19001328-2279-4C26-BC2B-C0AB9B07524E}
	EndGlobalSection
	GlobalSection(ExtensibilityGlobals) = postSolution
		SolutionGuid = {0ABF56E4-72A4-43D0-8225-AB492A56A938}
	EndGlobalSection
EndGlobal
